// !$*UTF8*$!
{
	archiveVersion = 1;
	classes = {
	};
	objectVersion = 56;
	objects = {

/* Begin PBXBuildFile section */
		D658B8692C29F860000CC7F2 /* TrekTrackerApp.swift in Sources */ = {isa = PBXBuildFile; fileRef = D658B8682C29F860000CC7F2 /* TrekTrackerApp.swift */; };
		D658B86D2C29F861000CC7F2 /* Assets.xcassets in Resources */ = {isa = PBXBuildFile; fileRef = D658B86C2C29F861000CC7F2 /* Assets.xcassets */; };
		D658B8702C29F861000CC7F2 /* Preview Assets.xcassets in Resources */ = {isa = PBXBuildFile; fileRef = D658B86F2C29F861000CC7F2 /* Preview Assets.xcassets */; };
		D658B87A2C29F862000CC7F2 /* TrekTrackerTests.swift in Sources */ = {isa = PBXBuildFile; fileRef = D658B8792C29F862000CC7F2 /* TrekTrackerTests.swift */; };
		D658B8842C29F862000CC7F2 /* TrekTrackerUITests.swift in Sources */ = {isa = PBXBuildFile; fileRef = D658B8832C29F862000CC7F2 /* TrekTrackerUITests.swift */; };
		D658B8862C29F862000CC7F2 /* TrekTrackerUITestsLaunchTests.swift in Sources */ = {isa = PBXBuildFile; fileRef = D658B8852C29F862000CC7F2 /* TrekTrackerUITestsLaunchTests.swift */; };
		D658B8932C29FDDF000CC7F2 /* getTimeString.swift in Sources */ = {isa = PBXBuildFile; fileRef = D658B8922C29FDDF000CC7F2 /* getTimeString.swift */; };
		D658B8952C29FFB5000CC7F2 /* getDate.swift in Sources */ = {isa = PBXBuildFile; fileRef = D658B8942C29FFB5000CC7F2 /* getDate.swift */; };
		D658B8972C2A0250000CC7F2 /* BarStatsView.swift in Sources */ = {isa = PBXBuildFile; fileRef = D658B8962C2A0250000CC7F2 /* BarStatsView.swift */; };
		D658B8992C2A02DA000CC7F2 /* getBarColor.swift in Sources */ = {isa = PBXBuildFile; fileRef = D658B8982C2A02DA000CC7F2 /* getBarColor.swift */; };
		D658B89F2C2A064C000CC7F2 /* getBarHeight.swift in Sources */ = {isa = PBXBuildFile; fileRef = D658B89E2C2A064C000CC7F2 /* getBarHeight.swift */; };
		D658BB3A2C2A0DF2000CC7F2 /* TimelineView.swift in Sources */ = {isa = PBXBuildFile; fileRef = D658BB392C2A0DF2000CC7F2 /* TimelineView.swift */; };
		D658BB3C2C2A1055000CC7F2 /* FooterView.swift in Sources */ = {isa = PBXBuildFile; fileRef = D658BB3B2C2A1055000CC7F2 /* FooterView.swift */; };
		D658BB3E2C2A34D4000CC7F2 /* WorkoutView.swift in Sources */ = {isa = PBXBuildFile; fileRef = D658BB3D2C2A34D4000CC7F2 /* WorkoutView.swift */; };
		D658BB402C2A35EB000CC7F2 /* ExercisesView.swift in Sources */ = {isa = PBXBuildFile; fileRef = D658BB3F2C2A35EB000CC7F2 /* ExercisesView.swift */; };
		D658BB892C2A4E1F000CC7F2 /* SettingsView.swift in Sources */ = {isa = PBXBuildFile; fileRef = D658BB882C2A4E1F000CC7F2 /* SettingsView.swift */; };
		D658BB912C2A4E5A000CC7F2 /* WidgetKit.framework in Frameworks */ = {isa = PBXBuildFile; fileRef = D658BB902C2A4E5A000CC7F2 /* WidgetKit.framework */; };
		D658BB932C2A4E5A000CC7F2 /* SwiftUI.framework in Frameworks */ = {isa = PBXBuildFile; fileRef = D658BB922C2A4E5A000CC7F2 /* SwiftUI.framework */; };
		D658BB962C2A4E5A000CC7F2 /* TrekTracker_WidgetsBundle.swift in Sources */ = {isa = PBXBuildFile; fileRef = D658BB952C2A4E5A000CC7F2 /* TrekTracker_WidgetsBundle.swift */; };
		D658BB982C2A4E5A000CC7F2 /* TrekTracker_WidgetsLiveActivity.swift in Sources */ = {isa = PBXBuildFile; fileRef = D658BB972C2A4E5A000CC7F2 /* TrekTracker_WidgetsLiveActivity.swift */; };
		D658BB9A2C2A4E5A000CC7F2 /* TrekTracker_Widgets.swift in Sources */ = {isa = PBXBuildFile; fileRef = D658BB992C2A4E5A000CC7F2 /* TrekTracker_Widgets.swift */; };
		D658BB9C2C2A4E5A000CC7F2 /* AppIntent.swift in Sources */ = {isa = PBXBuildFile; fileRef = D658BB9B2C2A4E5A000CC7F2 /* AppIntent.swift */; };
		D658BB9E2C2A4E5C000CC7F2 /* Assets.xcassets in Resources */ = {isa = PBXBuildFile; fileRef = D658BB9D2C2A4E5C000CC7F2 /* Assets.xcassets */; };
		D658BBA22C2A4E5C000CC7F2 /* TrekTracker WidgetsExtension.appex in Embed Foundation Extensions */ = {isa = PBXBuildFile; fileRef = D658BB8E2C2A4E5A000CC7F2 /* TrekTracker WidgetsExtension.appex */; settings = {ATTRIBUTES = (RemoveHeadersOnCopy, ); }; };
		D658BBA92C2A525C000CC7F2 /* HealthKitManager.swift in Sources */ = {isa = PBXBuildFile; fileRef = D658BBA82C2A525C000CC7F2 /* HealthKitManager.swift */; };
		D658BBAC2C2A5458000CC7F2 /* Step1View.swift in Sources */ = {isa = PBXBuildFile; fileRef = D658BBAB2C2A5458000CC7F2 /* Step1View.swift */; };
		D658BBAE2C2A75A6000CC7F2 /* Step2View.swift in Sources */ = {isa = PBXBuildFile; fileRef = D658BBAD2C2A75A6000CC7F2 /* Step2View.swift */; };
		D658BBB02C2A7BAC000CC7F2 /* MainView.swift in Sources */ = {isa = PBXBuildFile; fileRef = D658BBAF2C2A7BAC000CC7F2 /* MainView.swift */; };
		D658BBB22C2A7CDB000CC7F2 /* HomeView.swift in Sources */ = {isa = PBXBuildFile; fileRef = D658BBB12C2A7CDB000CC7F2 /* HomeView.swift */; };
		D658BBB42C2A8B39000CC7F2 /* HeaderView.swift in Sources */ = {isa = PBXBuildFile; fileRef = D658BBB32C2A8B39000CC7F2 /* HeaderView.swift */; };
		D658BBB82C2B11B6000CC7F2 /* User.swift in Sources */ = {isa = PBXBuildFile; fileRef = D658BBB72C2B11B6000CC7F2 /* User.swift */; };
		D658BBBA2C2B126D000CC7F2 /* Workout.swift in Sources */ = {isa = PBXBuildFile; fileRef = D658BBB92C2B126D000CC7F2 /* Workout.swift */; };
		D658BBBC2C2B12AB000CC7F2 /* StepData.swift in Sources */ = {isa = PBXBuildFile; fileRef = D658BBBB2C2B12AB000CC7F2 /* StepData.swift */; };
		D658BBC02C2B22E3000CC7F2 /* IntroView.swift in Sources */ = {isa = PBXBuildFile; fileRef = D658BBBF2C2B22E3000CC7F2 /* IntroView.swift */; };
		D658BBC22C2B2569000CC7F2 /* RequestHealthKit.swift in Sources */ = {isa = PBXBuildFile; fileRef = D658BBC12C2B2569000CC7F2 /* RequestHealthKit.swift */; };
		D658BBC42C2C6FD8000CC7F2 /* PreferredUnitEnum.swift in Sources */ = {isa = PBXBuildFile; fileRef = D658BBC32C2C6FD8000CC7F2 /* PreferredUnitEnum.swift */; };
		D658BBC62C2C730D000CC7F2 /* generateMockData.swift in Sources */ = {isa = PBXBuildFile; fileRef = D658BBC52C2C730D000CC7F2 /* generateMockData.swift */; };
/* End PBXBuildFile section */

/* Begin PBXContainerItemProxy section */
		D658B8762C29F861000CC7F2 /* PBXContainerItemProxy */ = {
			isa = PBXContainerItemProxy;
			containerPortal = D658B85D2C29F860000CC7F2 /* Project object */;
			proxyType = 1;
			remoteGlobalIDString = D658B8642C29F860000CC7F2;
			remoteInfo = TrekTracker;
		};
		D658B8802C29F862000CC7F2 /* PBXContainerItemProxy */ = {
			isa = PBXContainerItemProxy;
			containerPortal = D658B85D2C29F860000CC7F2 /* Project object */;
			proxyType = 1;
			remoteGlobalIDString = D658B8642C29F860000CC7F2;
			remoteInfo = TrekTracker;
		};
		D658BBA02C2A4E5C000CC7F2 /* PBXContainerItemProxy */ = {
			isa = PBXContainerItemProxy;
			containerPortal = D658B85D2C29F860000CC7F2 /* Project object */;
			proxyType = 1;
			remoteGlobalIDString = D658BB8D2C2A4E5A000CC7F2;
			remoteInfo = "TrekTracker WidgetsExtension";
		};
/* End PBXContainerItemProxy section */

/* Begin PBXCopyFilesBuildPhase section */
		D658BBA62C2A4E5C000CC7F2 /* Embed Foundation Extensions */ = {
			isa = PBXCopyFilesBuildPhase;
			buildActionMask = 2147483647;
			dstPath = "";
			dstSubfolderSpec = 13;
			files = (
				D658BBA22C2A4E5C000CC7F2 /* TrekTracker WidgetsExtension.appex in Embed Foundation Extensions */,
			);
			name = "Embed Foundation Extensions";
			runOnlyForDeploymentPostprocessing = 0;
		};
/* End PBXCopyFilesBuildPhase section */

/* Begin PBXFileReference section */
		D658B8652C29F860000CC7F2 /* TrekTracker.app */ = {isa = PBXFileReference; explicitFileType = wrapper.application; includeInIndex = 0; path = TrekTracker.app; sourceTree = BUILT_PRODUCTS_DIR; };
		D658B8682C29F860000CC7F2 /* TrekTrackerApp.swift */ = {isa = PBXFileReference; lastKnownFileType = sourcecode.swift; path = TrekTrackerApp.swift; sourceTree = "<group>"; };
		D658B86C2C29F861000CC7F2 /* Assets.xcassets */ = {isa = PBXFileReference; lastKnownFileType = folder.assetcatalog; path = Assets.xcassets; sourceTree = "<group>"; };
		D658B86F2C29F861000CC7F2 /* Preview Assets.xcassets */ = {isa = PBXFileReference; lastKnownFileType = folder.assetcatalog; path = "Preview Assets.xcassets"; sourceTree = "<group>"; };
		D658B8752C29F861000CC7F2 /* TrekTrackerTests.xctest */ = {isa = PBXFileReference; explicitFileType = wrapper.cfbundle; includeInIndex = 0; path = TrekTrackerTests.xctest; sourceTree = BUILT_PRODUCTS_DIR; };
		D658B8792C29F862000CC7F2 /* TrekTrackerTests.swift */ = {isa = PBXFileReference; lastKnownFileType = sourcecode.swift; path = TrekTrackerTests.swift; sourceTree = "<group>"; };
		D658B87F2C29F862000CC7F2 /* TrekTrackerUITests.xctest */ = {isa = PBXFileReference; explicitFileType = wrapper.cfbundle; includeInIndex = 0; path = TrekTrackerUITests.xctest; sourceTree = BUILT_PRODUCTS_DIR; };
		D658B8832C29F862000CC7F2 /* TrekTrackerUITests.swift */ = {isa = PBXFileReference; lastKnownFileType = sourcecode.swift; path = TrekTrackerUITests.swift; sourceTree = "<group>"; };
		D658B8852C29F862000CC7F2 /* TrekTrackerUITestsLaunchTests.swift */ = {isa = PBXFileReference; lastKnownFileType = sourcecode.swift; path = TrekTrackerUITestsLaunchTests.swift; sourceTree = "<group>"; };
		D658B8922C29FDDF000CC7F2 /* getTimeString.swift */ = {isa = PBXFileReference; lastKnownFileType = sourcecode.swift; path = getTimeString.swift; sourceTree = "<group>"; };
		D658B8942C29FFB5000CC7F2 /* getDate.swift */ = {isa = PBXFileReference; lastKnownFileType = sourcecode.swift; path = getDate.swift; sourceTree = "<group>"; };
		D658B8962C2A0250000CC7F2 /* BarStatsView.swift */ = {isa = PBXFileReference; lastKnownFileType = sourcecode.swift; path = BarStatsView.swift; sourceTree = "<group>"; };
		D658B8982C2A02DA000CC7F2 /* getBarColor.swift */ = {isa = PBXFileReference; lastKnownFileType = sourcecode.swift; path = getBarColor.swift; sourceTree = "<group>"; };
		D658B89E2C2A064C000CC7F2 /* getBarHeight.swift */ = {isa = PBXFileReference; lastKnownFileType = sourcecode.swift; path = getBarHeight.swift; sourceTree = "<group>"; };
		D658BB392C2A0DF2000CC7F2 /* TimelineView.swift */ = {isa = PBXFileReference; lastKnownFileType = sourcecode.swift; path = TimelineView.swift; sourceTree = "<group>"; };
		D658BB3B2C2A1055000CC7F2 /* FooterView.swift */ = {isa = PBXFileReference; lastKnownFileType = sourcecode.swift; path = FooterView.swift; sourceTree = "<group>"; };
		D658BB3D2C2A34D4000CC7F2 /* WorkoutView.swift */ = {isa = PBXFileReference; lastKnownFileType = sourcecode.swift; path = WorkoutView.swift; sourceTree = "<group>"; };
		D658BB3F2C2A35EB000CC7F2 /* ExercisesView.swift */ = {isa = PBXFileReference; lastKnownFileType = sourcecode.swift; path = ExercisesView.swift; sourceTree = "<group>"; };
		D658BB882C2A4E1F000CC7F2 /* SettingsView.swift */ = {isa = PBXFileReference; lastKnownFileType = sourcecode.swift; path = SettingsView.swift; sourceTree = "<group>"; };
		D658BB8E2C2A4E5A000CC7F2 /* TrekTracker WidgetsExtension.appex */ = {isa = PBXFileReference; explicitFileType = "wrapper.app-extension"; includeInIndex = 0; path = "TrekTracker WidgetsExtension.appex"; sourceTree = BUILT_PRODUCTS_DIR; };
		D658BB902C2A4E5A000CC7F2 /* WidgetKit.framework */ = {isa = PBXFileReference; lastKnownFileType = wrapper.framework; name = WidgetKit.framework; path = System/Library/Frameworks/WidgetKit.framework; sourceTree = SDKROOT; };
		D658BB922C2A4E5A000CC7F2 /* SwiftUI.framework */ = {isa = PBXFileReference; lastKnownFileType = wrapper.framework; name = SwiftUI.framework; path = System/Library/Frameworks/SwiftUI.framework; sourceTree = SDKROOT; };
		D658BB952C2A4E5A000CC7F2 /* TrekTracker_WidgetsBundle.swift */ = {isa = PBXFileReference; lastKnownFileType = sourcecode.swift; path = TrekTracker_WidgetsBundle.swift; sourceTree = "<group>"; };
		D658BB972C2A4E5A000CC7F2 /* TrekTracker_WidgetsLiveActivity.swift */ = {isa = PBXFileReference; lastKnownFileType = sourcecode.swift; path = TrekTracker_WidgetsLiveActivity.swift; sourceTree = "<group>"; };
		D658BB992C2A4E5A000CC7F2 /* TrekTracker_Widgets.swift */ = {isa = PBXFileReference; lastKnownFileType = sourcecode.swift; path = TrekTracker_Widgets.swift; sourceTree = "<group>"; };
		D658BB9B2C2A4E5A000CC7F2 /* AppIntent.swift */ = {isa = PBXFileReference; lastKnownFileType = sourcecode.swift; path = AppIntent.swift; sourceTree = "<group>"; };
		D658BB9D2C2A4E5C000CC7F2 /* Assets.xcassets */ = {isa = PBXFileReference; lastKnownFileType = folder.assetcatalog; path = Assets.xcassets; sourceTree = "<group>"; };
		D658BB9F2C2A4E5C000CC7F2 /* Info.plist */ = {isa = PBXFileReference; lastKnownFileType = text.plist.xml; path = Info.plist; sourceTree = "<group>"; };
		D658BBA72C2A5081000CC7F2 /* TrekTracker.entitlements */ = {isa = PBXFileReference; lastKnownFileType = text.plist.entitlements; path = TrekTracker.entitlements; sourceTree = "<group>"; };
		D658BBA82C2A525C000CC7F2 /* HealthKitManager.swift */ = {isa = PBXFileReference; lastKnownFileType = sourcecode.swift; path = HealthKitManager.swift; sourceTree = "<group>"; };
		D658BBAB2C2A5458000CC7F2 /* Step1View.swift */ = {isa = PBXFileReference; lastKnownFileType = sourcecode.swift; path = Step1View.swift; sourceTree = "<group>"; };
		D658BBAD2C2A75A6000CC7F2 /* Step2View.swift */ = {isa = PBXFileReference; lastKnownFileType = sourcecode.swift; path = Step2View.swift; sourceTree = "<group>"; };
		D658BBAF2C2A7BAC000CC7F2 /* MainView.swift */ = {isa = PBXFileReference; lastKnownFileType = sourcecode.swift; path = MainView.swift; sourceTree = "<group>"; };
		D658BBB12C2A7CDB000CC7F2 /* HomeView.swift */ = {isa = PBXFileReference; lastKnownFileType = sourcecode.swift; path = HomeView.swift; sourceTree = "<group>"; };
		D658BBB32C2A8B39000CC7F2 /* HeaderView.swift */ = {isa = PBXFileReference; lastKnownFileType = sourcecode.swift; path = HeaderView.swift; sourceTree = "<group>"; };
		D658BBB72C2B11B6000CC7F2 /* User.swift */ = {isa = PBXFileReference; lastKnownFileType = sourcecode.swift; path = User.swift; sourceTree = "<group>"; };
		D658BBB92C2B126D000CC7F2 /* Workout.swift */ = {isa = PBXFileReference; lastKnownFileType = sourcecode.swift; path = Workout.swift; sourceTree = "<group>"; };
		D658BBBB2C2B12AB000CC7F2 /* StepData.swift */ = {isa = PBXFileReference; lastKnownFileType = sourcecode.swift; path = StepData.swift; sourceTree = "<group>"; };
		D658BBBF2C2B22E3000CC7F2 /* IntroView.swift */ = {isa = PBXFileReference; lastKnownFileType = sourcecode.swift; path = IntroView.swift; sourceTree = "<group>"; };
		D658BBC12C2B2569000CC7F2 /* RequestHealthKit.swift */ = {isa = PBXFileReference; lastKnownFileType = sourcecode.swift; path = RequestHealthKit.swift; sourceTree = "<group>"; };
		D658BBC32C2C6FD8000CC7F2 /* PreferredUnitEnum.swift */ = {isa = PBXFileReference; lastKnownFileType = sourcecode.swift; path = PreferredUnitEnum.swift; sourceTree = "<group>"; };
		D658BBC52C2C730D000CC7F2 /* generateMockData.swift */ = {isa = PBXFileReference; lastKnownFileType = sourcecode.swift; path = generateMockData.swift; sourceTree = "<group>"; };
/* End PBXFileReference section */

/* Begin PBXFrameworksBuildPhase section */
		D658B8622C29F860000CC7F2 /* Frameworks */ = {
			isa = PBXFrameworksBuildPhase;
			buildActionMask = 2147483647;
			files = (
			);
			runOnlyForDeploymentPostprocessing = 0;
		};
		D658B8722C29F861000CC7F2 /* Frameworks */ = {
			isa = PBXFrameworksBuildPhase;
			buildActionMask = 2147483647;
			files = (
			);
			runOnlyForDeploymentPostprocessing = 0;
		};
		D658B87C2C29F862000CC7F2 /* Frameworks */ = {
			isa = PBXFrameworksBuildPhase;
			buildActionMask = 2147483647;
			files = (
			);
			runOnlyForDeploymentPostprocessing = 0;
		};
		D658BB8B2C2A4E5A000CC7F2 /* Frameworks */ = {
			isa = PBXFrameworksBuildPhase;
			buildActionMask = 2147483647;
			files = (
				D658BB932C2A4E5A000CC7F2 /* SwiftUI.framework in Frameworks */,
				D658BB912C2A4E5A000CC7F2 /* WidgetKit.framework in Frameworks */,
			);
			runOnlyForDeploymentPostprocessing = 0;
		};
/* End PBXFrameworksBuildPhase section */

/* Begin PBXGroup section */
		D658B85C2C29F860000CC7F2 = {
			isa = PBXGroup;
			children = (
				D658B8672C29F860000CC7F2 /* TrekTracker */,
				D658B8782C29F862000CC7F2 /* TrekTrackerTests */,
				D658B8822C29F862000CC7F2 /* TrekTrackerUITests */,
				D658BB942C2A4E5A000CC7F2 /* TrekTracker Widgets */,
				D658BB8F2C2A4E5A000CC7F2 /* Frameworks */,
				D658B8662C29F860000CC7F2 /* Products */,
			);
			sourceTree = "<group>";
		};
		D658B8662C29F860000CC7F2 /* Products */ = {
			isa = PBXGroup;
			children = (
				D658B8652C29F860000CC7F2 /* TrekTracker.app */,
				D658B8752C29F861000CC7F2 /* TrekTrackerTests.xctest */,
				D658B87F2C29F862000CC7F2 /* TrekTrackerUITests.xctest */,
				D658BB8E2C2A4E5A000CC7F2 /* TrekTracker WidgetsExtension.appex */,
			);
			name = Products;
			sourceTree = "<group>";
		};
		D658B8672C29F860000CC7F2 /* TrekTracker */ = {
			isa = PBXGroup;
			children = (
				D658BBB62C2B11A6000CC7F2 /* Models */,
				D658BBA72C2A5081000CC7F2 /* TrekTracker.entitlements */,
				D658B8A12C2A06C4000CC7F2 /* utils */,
				D658B8A02C2A06B0000CC7F2 /* Views */,
				D658B8682C29F860000CC7F2 /* TrekTrackerApp.swift */,
				D658B86C2C29F861000CC7F2 /* Assets.xcassets */,
				D658B86E2C29F861000CC7F2 /* Preview Content */,
			);
			path = TrekTracker;
			sourceTree = "<group>";
		};
		D658B86E2C29F861000CC7F2 /* Preview Content */ = {
			isa = PBXGroup;
			children = (
				D658B86F2C29F861000CC7F2 /* Preview Assets.xcassets */,
			);
			path = "Preview Content";
			sourceTree = "<group>";
		};
		D658B8782C29F862000CC7F2 /* TrekTrackerTests */ = {
			isa = PBXGroup;
			children = (
				D658B8792C29F862000CC7F2 /* TrekTrackerTests.swift */,
			);
			path = TrekTrackerTests;
			sourceTree = "<group>";
		};
		D658B8822C29F862000CC7F2 /* TrekTrackerUITests */ = {
			isa = PBXGroup;
			children = (
				D658B8832C29F862000CC7F2 /* TrekTrackerUITests.swift */,
				D658B8852C29F862000CC7F2 /* TrekTrackerUITestsLaunchTests.swift */,
			);
			path = TrekTrackerUITests;
			sourceTree = "<group>";
		};
		D658B8A02C2A06B0000CC7F2 /* Views */ = {
			isa = PBXGroup;
			children = (
				D658BBAA2C2A543E000CC7F2 /* Onboarding */,
				D658B8962C2A0250000CC7F2 /* BarStatsView.swift */,
				D658BB392C2A0DF2000CC7F2 /* TimelineView.swift */,
				D658BB3B2C2A1055000CC7F2 /* FooterView.swift */,
				D658BB3D2C2A34D4000CC7F2 /* WorkoutView.swift */,
				D658BB3F2C2A35EB000CC7F2 /* ExercisesView.swift */,
				D658BB882C2A4E1F000CC7F2 /* SettingsView.swift */,
				D658BBAF2C2A7BAC000CC7F2 /* MainView.swift */,
				D658BBB12C2A7CDB000CC7F2 /* HomeView.swift */,
				D658BBB32C2A8B39000CC7F2 /* HeaderView.swift */,
				D658BBBF2C2B22E3000CC7F2 /* IntroView.swift */,
			);
			path = Views;
			sourceTree = "<group>";
		};
		D658B8A12C2A06C4000CC7F2 /* utils */ = {
			isa = PBXGroup;
			children = (
				D658B8922C29FDDF000CC7F2 /* getTimeString.swift */,
				D658B8942C29FFB5000CC7F2 /* getDate.swift */,
				D658B8982C2A02DA000CC7F2 /* getBarColor.swift */,
				D658B89E2C2A064C000CC7F2 /* getBarHeight.swift */,
				D658BBA82C2A525C000CC7F2 /* HealthKitManager.swift */,
				D658BBC52C2C730D000CC7F2 /* generateMockData.swift */,
			);
			path = utils;
			sourceTree = "<group>";
		};
		D658BB8F2C2A4E5A000CC7F2 /* Frameworks */ = {
			isa = PBXGroup;
			children = (
				D658BB902C2A4E5A000CC7F2 /* WidgetKit.framework */,
				D658BB922C2A4E5A000CC7F2 /* SwiftUI.framework */,
			);
			name = Frameworks;
			sourceTree = "<group>";
		};
		D658BB942C2A4E5A000CC7F2 /* TrekTracker Widgets */ = {
			isa = PBXGroup;
			children = (
				D658BB952C2A4E5A000CC7F2 /* TrekTracker_WidgetsBundle.swift */,
				D658BB972C2A4E5A000CC7F2 /* TrekTracker_WidgetsLiveActivity.swift */,
				D658BB992C2A4E5A000CC7F2 /* TrekTracker_Widgets.swift */,
				D658BB9B2C2A4E5A000CC7F2 /* AppIntent.swift */,
				D658BB9D2C2A4E5C000CC7F2 /* Assets.xcassets */,
				D658BB9F2C2A4E5C000CC7F2 /* Info.plist */,
			);
			path = "TrekTracker Widgets";
			sourceTree = "<group>";
		};
		D658BBAA2C2A543E000CC7F2 /* Onboarding */ = {
			isa = PBXGroup;
			children = (
				D658BBAB2C2A5458000CC7F2 /* Step1View.swift */,
				D658BBAD2C2A75A6000CC7F2 /* Step2View.swift */,
				D658BBC12C2B2569000CC7F2 /* RequestHealthKit.swift */,
			);
			path = Onboarding;
			sourceTree = "<group>";
		};
		D658BBB62C2B11A6000CC7F2 /* Models */ = {
			isa = PBXGroup;
			children = (
				D658BBB72C2B11B6000CC7F2 /* User.swift */,
				D658BBB92C2B126D000CC7F2 /* Workout.swift */,
				D658BBBB2C2B12AB000CC7F2 /* StepData.swift */,
				D658BBC32C2C6FD8000CC7F2 /* PreferredUnitEnum.swift */,
			);
			path = Models;
			sourceTree = "<group>";
		};
/* End PBXGroup section */

/* Begin PBXNativeTarget section */
		D658B8642C29F860000CC7F2 /* TrekTracker */ = {
			isa = PBXNativeTarget;
			buildConfigurationList = D658B8892C29F862000CC7F2 /* Build configuration list for PBXNativeTarget "TrekTracker" */;
			buildPhases = (
				D658B8612C29F860000CC7F2 /* Sources */,
				D658B8622C29F860000CC7F2 /* Frameworks */,
				D658B8632C29F860000CC7F2 /* Resources */,
				D658BBA62C2A4E5C000CC7F2 /* Embed Foundation Extensions */,
			);
			buildRules = (
			);
			dependencies = (
				D658BBA12C2A4E5C000CC7F2 /* PBXTargetDependency */,
			);
			name = TrekTracker;
			productName = TrekTracker;
			productReference = D658B8652C29F860000CC7F2 /* TrekTracker.app */;
			productType = "com.apple.product-type.application";
		};
		D658B8742C29F861000CC7F2 /* TrekTrackerTests */ = {
			isa = PBXNativeTarget;
			buildConfigurationList = D658B88C2C29F862000CC7F2 /* Build configuration list for PBXNativeTarget "TrekTrackerTests" */;
			buildPhases = (
				D658B8712C29F861000CC7F2 /* Sources */,
				D658B8722C29F861000CC7F2 /* Frameworks */,
				D658B8732C29F861000CC7F2 /* Resources */,
			);
			buildRules = (
			);
			dependencies = (
				D658B8772C29F861000CC7F2 /* PBXTargetDependency */,
			);
			name = TrekTrackerTests;
			productName = TrekTrackerTests;
			productReference = D658B8752C29F861000CC7F2 /* TrekTrackerTests.xctest */;
			productType = "com.apple.product-type.bundle.unit-test";
		};
		D658B87E2C29F862000CC7F2 /* TrekTrackerUITests */ = {
			isa = PBXNativeTarget;
			buildConfigurationList = D658B88F2C29F862000CC7F2 /* Build configuration list for PBXNativeTarget "TrekTrackerUITests" */;
			buildPhases = (
				D658B87B2C29F862000CC7F2 /* Sources */,
				D658B87C2C29F862000CC7F2 /* Frameworks */,
				D658B87D2C29F862000CC7F2 /* Resources */,
			);
			buildRules = (
			);
			dependencies = (
				D658B8812C29F862000CC7F2 /* PBXTargetDependency */,
			);
			name = TrekTrackerUITests;
			productName = TrekTrackerUITests;
			productReference = D658B87F2C29F862000CC7F2 /* TrekTrackerUITests.xctest */;
			productType = "com.apple.product-type.bundle.ui-testing";
		};
		D658BB8D2C2A4E5A000CC7F2 /* TrekTracker WidgetsExtension */ = {
			isa = PBXNativeTarget;
			buildConfigurationList = D658BBA32C2A4E5C000CC7F2 /* Build configuration list for PBXNativeTarget "TrekTracker WidgetsExtension" */;
			buildPhases = (
				D658BB8A2C2A4E5A000CC7F2 /* Sources */,
				D658BB8B2C2A4E5A000CC7F2 /* Frameworks */,
				D658BB8C2C2A4E5A000CC7F2 /* Resources */,
			);
			buildRules = (
			);
			dependencies = (
			);
			name = "TrekTracker WidgetsExtension";
			productName = "TrekTracker WidgetsExtension";
			productReference = D658BB8E2C2A4E5A000CC7F2 /* TrekTracker WidgetsExtension.appex */;
			productType = "com.apple.product-type.app-extension";
		};
/* End PBXNativeTarget section */

/* Begin PBXProject section */
		D658B85D2C29F860000CC7F2 /* Project object */ = {
			isa = PBXProject;
			attributes = {
				BuildIndependentTargetsInParallel = 1;
				LastSwiftUpdateCheck = 1540;
				LastUpgradeCheck = 1540;
				TargetAttributes = {
					D658B8642C29F860000CC7F2 = {
						CreatedOnToolsVersion = 15.4;
					};
					D658B8742C29F861000CC7F2 = {
						CreatedOnToolsVersion = 15.4;
						TestTargetID = D658B8642C29F860000CC7F2;
					};
					D658B87E2C29F862000CC7F2 = {
						CreatedOnToolsVersion = 15.4;
						TestTargetID = D658B8642C29F860000CC7F2;
					};
					D658BB8D2C2A4E5A000CC7F2 = {
						CreatedOnToolsVersion = 15.4;
					};
				};
			};
			buildConfigurationList = D658B8602C29F860000CC7F2 /* Build configuration list for PBXProject "TrekTracker" */;
			compatibilityVersion = "Xcode 14.0";
			developmentRegion = en;
			hasScannedForEncodings = 0;
			knownRegions = (
				en,
				Base,
			);
			mainGroup = D658B85C2C29F860000CC7F2;
			productRefGroup = D658B8662C29F860000CC7F2 /* Products */;
			projectDirPath = "";
			projectRoot = "";
			targets = (
				D658B8642C29F860000CC7F2 /* TrekTracker */,
				D658B8742C29F861000CC7F2 /* TrekTrackerTests */,
				D658B87E2C29F862000CC7F2 /* TrekTrackerUITests */,
				D658BB8D2C2A4E5A000CC7F2 /* TrekTracker WidgetsExtension */,
			);
		};
/* End PBXProject section */

/* Begin PBXResourcesBuildPhase section */
		D658B8632C29F860000CC7F2 /* Resources */ = {
			isa = PBXResourcesBuildPhase;
			buildActionMask = 2147483647;
			files = (
				D658B8702C29F861000CC7F2 /* Preview Assets.xcassets in Resources */,
				D658B86D2C29F861000CC7F2 /* Assets.xcassets in Resources */,
			);
			runOnlyForDeploymentPostprocessing = 0;
		};
		D658B8732C29F861000CC7F2 /* Resources */ = {
			isa = PBXResourcesBuildPhase;
			buildActionMask = 2147483647;
			files = (
			);
			runOnlyForDeploymentPostprocessing = 0;
		};
		D658B87D2C29F862000CC7F2 /* Resources */ = {
			isa = PBXResourcesBuildPhase;
			buildActionMask = 2147483647;
			files = (
			);
			runOnlyForDeploymentPostprocessing = 0;
		};
		D658BB8C2C2A4E5A000CC7F2 /* Resources */ = {
			isa = PBXResourcesBuildPhase;
			buildActionMask = 2147483647;
			files = (
				D658BB9E2C2A4E5C000CC7F2 /* Assets.xcassets in Resources */,
			);
			runOnlyForDeploymentPostprocessing = 0;
		};
/* End PBXResourcesBuildPhase section */

/* Begin PBXSourcesBuildPhase section */
		D658B8612C29F860000CC7F2 /* Sources */ = {
			isa = PBXSourcesBuildPhase;
			buildActionMask = 2147483647;
			files = (
				D658BB402C2A35EB000CC7F2 /* ExercisesView.swift in Sources */,
				D658B8972C2A0250000CC7F2 /* BarStatsView.swift in Sources */,
				D658B8932C29FDDF000CC7F2 /* getTimeString.swift in Sources */,
				D658BBAC2C2A5458000CC7F2 /* Step1View.swift in Sources */,
				D658BB3C2C2A1055000CC7F2 /* FooterView.swift in Sources */,
				D658BB3E2C2A34D4000CC7F2 /* WorkoutView.swift in Sources */,
				D658BBB42C2A8B39000CC7F2 /* HeaderView.swift in Sources */,
				D658B89F2C2A064C000CC7F2 /* getBarHeight.swift in Sources */,
				D658BBC62C2C730D000CC7F2 /* generateMockData.swift in Sources */,
				D658BBAE2C2A75A6000CC7F2 /* Step2View.swift in Sources */,
				D658BBB02C2A7BAC000CC7F2 /* MainView.swift in Sources */,
				D658B8952C29FFB5000CC7F2 /* getDate.swift in Sources */,
				D658B8992C2A02DA000CC7F2 /* getBarColor.swift in Sources */,
				D658BB892C2A4E1F000CC7F2 /* SettingsView.swift in Sources */,
				D658BBA92C2A525C000CC7F2 /* HealthKitManager.swift in Sources */,
				D658BBC02C2B22E3000CC7F2 /* IntroView.swift in Sources */,
				D658BBB82C2B11B6000CC7F2 /* User.swift in Sources */,
				D658BBB22C2A7CDB000CC7F2 /* HomeView.swift in Sources */,
				D658B8692C29F860000CC7F2 /* TrekTrackerApp.swift in Sources */,
				D658BBC42C2C6FD8000CC7F2 /* PreferredUnitEnum.swift in Sources */,
				D658BBC22C2B2569000CC7F2 /* RequestHealthKit.swift in Sources */,
				D658BBBA2C2B126D000CC7F2 /* Workout.swift in Sources */,
				D658BB3A2C2A0DF2000CC7F2 /* TimelineView.swift in Sources */,
				D658BBBC2C2B12AB000CC7F2 /* StepData.swift in Sources */,
			);
			runOnlyForDeploymentPostprocessing = 0;
		};
		D658B8712C29F861000CC7F2 /* Sources */ = {
			isa = PBXSourcesBuildPhase;
			buildActionMask = 2147483647;
			files = (
				D658B87A2C29F862000CC7F2 /* TrekTrackerTests.swift in Sources */,
			);
			runOnlyForDeploymentPostprocessing = 0;
		};
		D658B87B2C29F862000CC7F2 /* Sources */ = {
			isa = PBXSourcesBuildPhase;
			buildActionMask = 2147483647;
			files = (
				D658B8842C29F862000CC7F2 /* TrekTrackerUITests.swift in Sources */,
				D658B8862C29F862000CC7F2 /* TrekTrackerUITestsLaunchTests.swift in Sources */,
			);
			runOnlyForDeploymentPostprocessing = 0;
		};
		D658BB8A2C2A4E5A000CC7F2 /* Sources */ = {
			isa = PBXSourcesBuildPhase;
			buildActionMask = 2147483647;
			files = (
				D658BB9A2C2A4E5A000CC7F2 /* TrekTracker_Widgets.swift in Sources */,
				D658BB9C2C2A4E5A000CC7F2 /* AppIntent.swift in Sources */,
				D658BB962C2A4E5A000CC7F2 /* TrekTracker_WidgetsBundle.swift in Sources */,
				D658BB982C2A4E5A000CC7F2 /* TrekTracker_WidgetsLiveActivity.swift in Sources */,
			);
			runOnlyForDeploymentPostprocessing = 0;
		};
/* End PBXSourcesBuildPhase section */

/* Begin PBXTargetDependency section */
		D658B8772C29F861000CC7F2 /* PBXTargetDependency */ = {
			isa = PBXTargetDependency;
			target = D658B8642C29F860000CC7F2 /* TrekTracker */;
			targetProxy = D658B8762C29F861000CC7F2 /* PBXContainerItemProxy */;
		};
		D658B8812C29F862000CC7F2 /* PBXTargetDependency */ = {
			isa = PBXTargetDependency;
			target = D658B8642C29F860000CC7F2 /* TrekTracker */;
			targetProxy = D658B8802C29F862000CC7F2 /* PBXContainerItemProxy */;
		};
		D658BBA12C2A4E5C000CC7F2 /* PBXTargetDependency */ = {
			isa = PBXTargetDependency;
			target = D658BB8D2C2A4E5A000CC7F2 /* TrekTracker WidgetsExtension */;
			targetProxy = D658BBA02C2A4E5C000CC7F2 /* PBXContainerItemProxy */;
		};
/* End PBXTargetDependency section */

/* Begin XCBuildConfiguration section */
		D658B8872C29F862000CC7F2 /* Debug */ = {
			isa = XCBuildConfiguration;
			buildSettings = {
				ALWAYS_SEARCH_USER_PATHS = NO;
				ASSETCATALOG_COMPILER_GENERATE_SWIFT_ASSET_SYMBOL_EXTENSIONS = YES;
				CLANG_ANALYZER_NONNULL = YES;
				CLANG_ANALYZER_NUMBER_OBJECT_CONVERSION = YES_AGGRESSIVE;
				CLANG_CXX_LANGUAGE_STANDARD = "gnu++20";
				CLANG_ENABLE_MODULES = YES;
				CLANG_ENABLE_OBJC_ARC = YES;
				CLANG_ENABLE_OBJC_WEAK = YES;
				CLANG_WARN_BLOCK_CAPTURE_AUTORELEASING = YES;
				CLANG_WARN_BOOL_CONVERSION = YES;
				CLANG_WARN_COMMA = YES;
				CLANG_WARN_CONSTANT_CONVERSION = YES;
				CLANG_WARN_DEPRECATED_OBJC_IMPLEMENTATIONS = YES;
				CLANG_WARN_DIRECT_OBJC_ISA_USAGE = YES_ERROR;
				CLANG_WARN_DOCUMENTATION_COMMENTS = YES;
				CLANG_WARN_EMPTY_BODY = YES;
				CLANG_WARN_ENUM_CONVERSION = YES;
				CLANG_WARN_INFINITE_RECURSION = YES;
				CLANG_WARN_INT_CONVERSION = YES;
				CLANG_WARN_NON_LITERAL_NULL_CONVERSION = YES;
				CLANG_WARN_OBJC_IMPLICIT_RETAIN_SELF = YES;
				CLANG_WARN_OBJC_LITERAL_CONVERSION = YES;
				CLANG_WARN_OBJC_ROOT_CLASS = YES_ERROR;
				CLANG_WARN_QUOTED_INCLUDE_IN_FRAMEWORK_HEADER = YES;
				CLANG_WARN_RANGE_LOOP_ANALYSIS = YES;
				CLANG_WARN_STRICT_PROTOTYPES = YES;
				CLANG_WARN_SUSPICIOUS_MOVE = YES;
				CLANG_WARN_UNGUARDED_AVAILABILITY = YES_AGGRESSIVE;
				CLANG_WARN_UNREACHABLE_CODE = YES;
				CLANG_WARN__DUPLICATE_METHOD_MATCH = YES;
				COPY_PHASE_STRIP = NO;
				DEBUG_INFORMATION_FORMAT = dwarf;
				ENABLE_STRICT_OBJC_MSGSEND = YES;
				ENABLE_TESTABILITY = YES;
				ENABLE_USER_SCRIPT_SANDBOXING = YES;
				GCC_C_LANGUAGE_STANDARD = gnu17;
				GCC_DYNAMIC_NO_PIC = NO;
				GCC_NO_COMMON_BLOCKS = YES;
				GCC_OPTIMIZATION_LEVEL = 0;
				GCC_PREPROCESSOR_DEFINITIONS = (
					"DEBUG=1",
					"$(inherited)",
				);
				GCC_WARN_64_TO_32_BIT_CONVERSION = YES;
				GCC_WARN_ABOUT_RETURN_TYPE = YES_ERROR;
				GCC_WARN_UNDECLARED_SELECTOR = YES;
				GCC_WARN_UNINITIALIZED_AUTOS = YES_AGGRESSIVE;
				GCC_WARN_UNUSED_FUNCTION = YES;
				GCC_WARN_UNUSED_VARIABLE = YES;
				IPHONEOS_DEPLOYMENT_TARGET = 17.5;
				LOCALIZATION_PREFERS_STRING_CATALOGS = YES;
				MTL_ENABLE_DEBUG_INFO = INCLUDE_SOURCE;
				MTL_FAST_MATH = YES;
				ONLY_ACTIVE_ARCH = YES;
				SDKROOT = iphoneos;
				SWIFT_ACTIVE_COMPILATION_CONDITIONS = "DEBUG $(inherited)";
				SWIFT_OPTIMIZATION_LEVEL = "-Onone";
			};
			name = Debug;
		};
		D658B8882C29F862000CC7F2 /* Release */ = {
			isa = XCBuildConfiguration;
			buildSettings = {
				ALWAYS_SEARCH_USER_PATHS = NO;
				ASSETCATALOG_COMPILER_GENERATE_SWIFT_ASSET_SYMBOL_EXTENSIONS = YES;
				CLANG_ANALYZER_NONNULL = YES;
				CLANG_ANALYZER_NUMBER_OBJECT_CONVERSION = YES_AGGRESSIVE;
				CLANG_CXX_LANGUAGE_STANDARD = "gnu++20";
				CLANG_ENABLE_MODULES = YES;
				CLANG_ENABLE_OBJC_ARC = YES;
				CLANG_ENABLE_OBJC_WEAK = YES;
				CLANG_WARN_BLOCK_CAPTURE_AUTORELEASING = YES;
				CLANG_WARN_BOOL_CONVERSION = YES;
				CLANG_WARN_COMMA = YES;
				CLANG_WARN_CONSTANT_CONVERSION = YES;
				CLANG_WARN_DEPRECATED_OBJC_IMPLEMENTATIONS = YES;
				CLANG_WARN_DIRECT_OBJC_ISA_USAGE = YES_ERROR;
				CLANG_WARN_DOCUMENTATION_COMMENTS = YES;
				CLANG_WARN_EMPTY_BODY = YES;
				CLANG_WARN_ENUM_CONVERSION = YES;
				CLANG_WARN_INFINITE_RECURSION = YES;
				CLANG_WARN_INT_CONVERSION = YES;
				CLANG_WARN_NON_LITERAL_NULL_CONVERSION = YES;
				CLANG_WARN_OBJC_IMPLICIT_RETAIN_SELF = YES;
				CLANG_WARN_OBJC_LITERAL_CONVERSION = YES;
				CLANG_WARN_OBJC_ROOT_CLASS = YES_ERROR;
				CLANG_WARN_QUOTED_INCLUDE_IN_FRAMEWORK_HEADER = YES;
				CLANG_WARN_RANGE_LOOP_ANALYSIS = YES;
				CLANG_WARN_STRICT_PROTOTYPES = YES;
				CLANG_WARN_SUSPICIOUS_MOVE = YES;
				CLANG_WARN_UNGUARDED_AVAILABILITY = YES_AGGRESSIVE;
				CLANG_WARN_UNREACHABLE_CODE = YES;
				CLANG_WARN__DUPLICATE_METHOD_MATCH = YES;
				COPY_PHASE_STRIP = NO;
				DEBUG_INFORMATION_FORMAT = "dwarf-with-dsym";
				ENABLE_NS_ASSERTIONS = NO;
				ENABLE_STRICT_OBJC_MSGSEND = YES;
				ENABLE_USER_SCRIPT_SANDBOXING = YES;
				GCC_C_LANGUAGE_STANDARD = gnu17;
				GCC_NO_COMMON_BLOCKS = YES;
				GCC_WARN_64_TO_32_BIT_CONVERSION = YES;
				GCC_WARN_ABOUT_RETURN_TYPE = YES_ERROR;
				GCC_WARN_UNDECLARED_SELECTOR = YES;
				GCC_WARN_UNINITIALIZED_AUTOS = YES_AGGRESSIVE;
				GCC_WARN_UNUSED_FUNCTION = YES;
				GCC_WARN_UNUSED_VARIABLE = YES;
				IPHONEOS_DEPLOYMENT_TARGET = 17.5;
				LOCALIZATION_PREFERS_STRING_CATALOGS = YES;
				MTL_ENABLE_DEBUG_INFO = NO;
				MTL_FAST_MATH = YES;
				SDKROOT = iphoneos;
				SWIFT_COMPILATION_MODE = wholemodule;
				VALIDATE_PRODUCT = YES;
			};
			name = Release;
		};
		D658B88A2C29F862000CC7F2 /* Debug */ = {
			isa = XCBuildConfiguration;
			buildSettings = {
				ALWAYS_EMBED_SWIFT_STANDARD_LIBRARIES = YES;
				ASSETCATALOG_COMPILER_APPICON_NAME = AppIcon;
				ASSETCATALOG_COMPILER_GLOBAL_ACCENT_COLOR_NAME = AccentColor;
				CODE_SIGN_ENTITLEMENTS = TrekTracker/TrekTracker.entitlements;
				CODE_SIGN_STYLE = Automatic;
				CURRENT_PROJECT_VERSION = 1;
				DEVELOPMENT_ASSET_PATHS = "\"TrekTracker/Preview Content\"";
				DEVELOPMENT_TEAM = TRART5678Z;
				ENABLE_PREVIEWS = YES;
				GENERATE_INFOPLIST_FILE = YES;
				INFOPLIST_KEY_NSHealthShareUsageDescription = "To read and display step counts";
				INFOPLIST_KEY_UIApplicationSceneManifest_Generation = YES;
				INFOPLIST_KEY_UIApplicationSupportsIndirectInputEvents = YES;
				INFOPLIST_KEY_UILaunchScreen_Generation = YES;
				INFOPLIST_KEY_UISupportedInterfaceOrientations_iPad = "UIInterfaceOrientationPortrait UIInterfaceOrientationPortraitUpsideDown UIInterfaceOrientationLandscapeLeft UIInterfaceOrientationLandscapeRight";
				INFOPLIST_KEY_UISupportedInterfaceOrientations_iPhone = "UIInterfaceOrientationPortrait UIInterfaceOrientationLandscapeLeft UIInterfaceOrientationLandscapeRight";
				LD_RUNPATH_SEARCH_PATHS = (
					"$(inherited)",
					"@executable_path/Frameworks",
				);
				MARKETING_VERSION = 1.0;
				PRODUCT_BUNDLE_IDENTIFIER = neelparpia.TrekTracker;
				PRODUCT_NAME = "$(TARGET_NAME)";
				SWIFT_EMIT_LOC_STRINGS = YES;
				SWIFT_VERSION = 5.0;
				TARGETED_DEVICE_FAMILY = "1,2";
			};
			name = Debug;
		};
		D658B88B2C29F862000CC7F2 /* Release */ = {
			isa = XCBuildConfiguration;
			buildSettings = {
				ALWAYS_EMBED_SWIFT_STANDARD_LIBRARIES = YES;
				ASSETCATALOG_COMPILER_APPICON_NAME = AppIcon;
				ASSETCATALOG_COMPILER_GLOBAL_ACCENT_COLOR_NAME = AccentColor;
				CODE_SIGN_ENTITLEMENTS = TrekTracker/TrekTracker.entitlements;
				CODE_SIGN_STYLE = Automatic;
				CURRENT_PROJECT_VERSION = 1;
				DEVELOPMENT_ASSET_PATHS = "\"TrekTracker/Preview Content\"";
				DEVELOPMENT_TEAM = TRART5678Z;
				ENABLE_PREVIEWS = YES;
				GENERATE_INFOPLIST_FILE = YES;
				INFOPLIST_KEY_NSHealthShareUsageDescription = "To read and display step counts";
				INFOPLIST_KEY_UIApplicationSceneManifest_Generation = YES;
				INFOPLIST_KEY_UIApplicationSupportsIndirectInputEvents = YES;
				INFOPLIST_KEY_UILaunchScreen_Generation = YES;
				INFOPLIST_KEY_UISupportedInterfaceOrientations_iPad = "UIInterfaceOrientationPortrait UIInterfaceOrientationPortraitUpsideDown UIInterfaceOrientationLandscapeLeft UIInterfaceOrientationLandscapeRight";
				INFOPLIST_KEY_UISupportedInterfaceOrientations_iPhone = "UIInterfaceOrientationPortrait UIInterfaceOrientationLandscapeLeft UIInterfaceOrientationLandscapeRight";
				LD_RUNPATH_SEARCH_PATHS = (
					"$(inherited)",
					"@executable_path/Frameworks",
				);
				MARKETING_VERSION = 1.0;
				PRODUCT_BUNDLE_IDENTIFIER = neelparpia.TrekTracker;
				PRODUCT_NAME = "$(TARGET_NAME)";
				SWIFT_EMIT_LOC_STRINGS = YES;
				SWIFT_VERSION = 5.0;
				TARGETED_DEVICE_FAMILY = "1,2";
			};
			name = Release;
		};
		D658B88D2C29F862000CC7F2 /* Debug */ = {
			isa = XCBuildConfiguration;
			buildSettings = {
				ALWAYS_EMBED_SWIFT_STANDARD_LIBRARIES = YES;
				BUNDLE_LOADER = "$(TEST_HOST)";
				CODE_SIGN_STYLE = Automatic;
				CURRENT_PROJECT_VERSION = 1;
				DEVELOPMENT_TEAM = TRART5678Z;
				GENERATE_INFOPLIST_FILE = YES;
				IPHONEOS_DEPLOYMENT_TARGET = 17.5;
				MARKETING_VERSION = 1.0;
				PRODUCT_BUNDLE_IDENTIFIER = neelparpia.TrekTrackerTests;
				PRODUCT_NAME = "$(TARGET_NAME)";
				SWIFT_EMIT_LOC_STRINGS = NO;
				SWIFT_VERSION = 5.0;
				TARGETED_DEVICE_FAMILY = "1,2";
				TEST_HOST = "$(BUILT_PRODUCTS_DIR)/TrekTracker.app/$(BUNDLE_EXECUTABLE_FOLDER_PATH)/TrekTracker";
			};
			name = Debug;
		};
		D658B88E2C29F862000CC7F2 /* Release */ = {
			isa = XCBuildConfiguration;
			buildSettings = {
				ALWAYS_EMBED_SWIFT_STANDARD_LIBRARIES = YES;
				BUNDLE_LOADER = "$(TEST_HOST)";
				CODE_SIGN_STYLE = Automatic;
				CURRENT_PROJECT_VERSION = 1;
				DEVELOPMENT_TEAM = TRART5678Z;
				GENERATE_INFOPLIST_FILE = YES;
				IPHONEOS_DEPLOYMENT_TARGET = 17.5;
				MARKETING_VERSION = 1.0;
				PRODUCT_BUNDLE_IDENTIFIER = neelparpia.TrekTrackerTests;
				PRODUCT_NAME = "$(TARGET_NAME)";
				SWIFT_EMIT_LOC_STRINGS = NO;
				SWIFT_VERSION = 5.0;
				TARGETED_DEVICE_FAMILY = "1,2";
				TEST_HOST = "$(BUILT_PRODUCTS_DIR)/TrekTracker.app/$(BUNDLE_EXECUTABLE_FOLDER_PATH)/TrekTracker";
			};
			name = Release;
		};
		D658B8902C29F862000CC7F2 /* Debug */ = {
			isa = XCBuildConfiguration;
			buildSettings = {
				ALWAYS_EMBED_SWIFT_STANDARD_LIBRARIES = YES;
				CODE_SIGN_STYLE = Automatic;
				CURRENT_PROJECT_VERSION = 1;
				DEVELOPMENT_TEAM = TRART5678Z;
				GENERATE_INFOPLIST_FILE = YES;
				MARKETING_VERSION = 1.0;
				PRODUCT_BUNDLE_IDENTIFIER = neelparpia.TrekTrackerUITests;
				PRODUCT_NAME = "$(TARGET_NAME)";
				SWIFT_EMIT_LOC_STRINGS = NO;
				SWIFT_VERSION = 5.0;
				TARGETED_DEVICE_FAMILY = "1,2";
				TEST_TARGET_NAME = TrekTracker;
			};
			name = Debug;
		};
		D658B8912C29F862000CC7F2 /* Release */ = {
			isa = XCBuildConfiguration;
			buildSettings = {
				ALWAYS_EMBED_SWIFT_STANDARD_LIBRARIES = YES;
				CODE_SIGN_STYLE = Automatic;
				CURRENT_PROJECT_VERSION = 1;
				DEVELOPMENT_TEAM = TRART5678Z;
				GENERATE_INFOPLIST_FILE = YES;
				MARKETING_VERSION = 1.0;
				PRODUCT_BUNDLE_IDENTIFIER = neelparpia.TrekTrackerUITests;
				PRODUCT_NAME = "$(TARGET_NAME)";
				SWIFT_EMIT_LOC_STRINGS = NO;
				SWIFT_VERSION = 5.0;
				TARGETED_DEVICE_FAMILY = "1,2";
				TEST_TARGET_NAME = TrekTracker;
			};
			name = Release;
		};
		D658BBA42C2A4E5C000CC7F2 /* Debug */ = {
			isa = XCBuildConfiguration;
			buildSettings = {
				ASSETCATALOG_COMPILER_GLOBAL_ACCENT_COLOR_NAME = AccentColor;
				ASSETCATALOG_COMPILER_WIDGET_BACKGROUND_COLOR_NAME = WidgetBackground;
				CODE_SIGN_STYLE = Automatic;
				CURRENT_PROJECT_VERSION = 1;
				DEVELOPMENT_TEAM = TRART5678Z;
				GENERATE_INFOPLIST_FILE = YES;
				INFOPLIST_FILE = "TrekTracker Widgets/Info.plist";
				INFOPLIST_KEY_CFBundleDisplayName = "TrekTracker Widgets";
				INFOPLIST_KEY_NSHumanReadableCopyright = "";
				LD_RUNPATH_SEARCH_PATHS = (
					"$(inherited)",
					"@executable_path/Frameworks",
					"@executable_path/../../Frameworks",
				);
				MARKETING_VERSION = 1.0;
				PRODUCT_BUNDLE_IDENTIFIER = "neelparpia.TrekTracker.TrekTracker-Widgets";
				PRODUCT_NAME = "$(TARGET_NAME)";
				SKIP_INSTALL = YES;
				SWIFT_EMIT_LOC_STRINGS = YES;
				SWIFT_VERSION = 5.0;
				TARGETED_DEVICE_FAMILY = "1,2";
			};
			name = Debug;
		};
		D658BBA52C2A4E5C000CC7F2 /* Release */ = {
			isa = XCBuildConfiguration;
			buildSettings = {
				ASSETCATALOG_COMPILER_GLOBAL_ACCENT_COLOR_NAME = AccentColor;
				ASSETCATALOG_COMPILER_WIDGET_BACKGROUND_COLOR_NAME = WidgetBackground;
				CODE_SIGN_STYLE = Automatic;
				CURRENT_PROJECT_VERSION = 1;
				DEVELOPMENT_TEAM = TRART5678Z;
				GENERATE_INFOPLIST_FILE = YES;
				INFOPLIST_FILE = "TrekTracker Widgets/Info.plist";
				INFOPLIST_KEY_CFBundleDisplayName = "TrekTracker Widgets";
				INFOPLIST_KEY_NSHumanReadableCopyright = "";
				LD_RUNPATH_SEARCH_PATHS = (
					"$(inherited)",
					"@executable_path/Frameworks",
					"@executable_path/../../Frameworks",
				);
				MARKETING_VERSION = 1.0;
				PRODUCT_BUNDLE_IDENTIFIER = "neelparpia.TrekTracker.TrekTracker-Widgets";
				PRODUCT_NAME = "$(TARGET_NAME)";
				SKIP_INSTALL = YES;
				SWIFT_EMIT_LOC_STRINGS = YES;
				SWIFT_VERSION = 5.0;
				TARGETED_DEVICE_FAMILY = "1,2";
			};
			name = Release;
		};
/* End XCBuildConfiguration section */

/* Begin XCConfigurationList section */
		D658B8602C29F860000CC7F2 /* Build configuration list for PBXProject "TrekTracker" */ = {
			isa = XCConfigurationList;
			buildConfigurations = (
				D658B8872C29F862000CC7F2 /* Debug */,
				D658B8882C29F862000CC7F2 /* Release */,
			);
			defaultConfigurationIsVisible = 0;
			defaultConfigurationName = Release;
		};
		D658B8892C29F862000CC7F2 /* Build configuration list for PBXNativeTarget "TrekTracker" */ = {
			isa = XCConfigurationList;
			buildConfigurations = (
				D658B88A2C29F862000CC7F2 /* Debug */,
				D658B88B2C29F862000CC7F2 /* Release */,
			);
			defaultConfigurationIsVisible = 0;
			defaultConfigurationName = Release;
		};
		D658B88C2C29F862000CC7F2 /* Build configuration list for PBXNativeTarget "TrekTrackerTests" */ = {
			isa = XCConfigurationList;
			buildConfigurations = (
				D658B88D2C29F862000CC7F2 /* Debug */,
				D658B88E2C29F862000CC7F2 /* Release */,
			);
			defaultConfigurationIsVisible = 0;
			defaultConfigurationName = Release;
		};
		D658B88F2C29F862000CC7F2 /* Build configuration list for PBXNativeTarget "TrekTrackerUITests" */ = {
			isa = XCConfigurationList;
			buildConfigurations = (
				D658B8902C29F862000CC7F2 /* Debug */,
				D658B8912C29F862000CC7F2 /* Release */,
			);
			defaultConfigurationIsVisible = 0;
			defaultConfigurationName = Release;
		};
		D658BBA32C2A4E5C000CC7F2 /* Build configuration list for PBXNativeTarget "TrekTracker WidgetsExtension" */ = {
			isa = XCConfigurationList;
			buildConfigurations = (
				D658BBA42C2A4E5C000CC7F2 /* Debug */,
				D658BBA52C2A4E5C000CC7F2 /* Release */,
			);
			defaultConfigurationIsVisible = 0;
			defaultConfigurationName = Release;
		};
/* End XCConfigurationList section */
	};
	rootObject = D658B85D2C29F860000CC7F2 /* Project object */;
}
